
Microsoft Visual Studio Solution File, Format Version 12.00
# Visual Studio Version 16
VisualStudioVersion = 16.0.29613.14
MinimumVisualStudioVersion = 10.0.40219.1
Project("{9A19103F-16F7-4668-BE54-9A1E7A4F7556}") = "Data", "Data\Data.csproj", "{8F701260-EF9D-4554-AF1B-971FFBB92335}"
EndProject
Project("{9A19103F-16F7-4668-BE54-9A1E7A4F7556}") = "DataTests", "DataTests\DataTests.csproj", "{3D15AE7E-D8EA-4971-9650-DF1F9503D1C0}"
EndProject
Global
	GlobalSection(SolutionConfigurationPlatforms) = preSolution
		Debug|Any CPU = Debug|Any CPU
		Release|Any CPU = Release|Any CPU
	EndGlobalSection
	GlobalSection(ProjectConfigurationPlatforms) = postSolution
		{8F701260-EF9D-4554-AF1B-971FFBB92335}.Debug|Any CPU.ActiveCfg = Debug|Any CPU
		{8F701260-EF9D-4554-AF1B-971FFBB92335}.Debug|Any CPU.Build.0 = Debug|Any CPU
		{8F701260-EF9D-4554-AF1B-971FFBB92335}.Release|Any CPU.ActiveCfg = Release|Any CPU
		{8F701260-EF9D-4554-AF1B-971FFBB92335}.Release|Any CPU.Build.0 = Release|Any CPU
		{3D15AE7E-D8EA-4971-9650-DF1F9503D1C0}.Debug|Any CPU.ActiveCfg = Debug|Any CPU
		{3D15AE7E-D8EA-4971-9650-DF1F9503D1C0}.Debug|Any CPU.Build.0 = Debug|Any CPU
		{3D15AE7E-D8EA-4971-9650-DF1F9503D1C0}.Release|Any CPU.ActiveCfg = Release|Any CPU
		{3D15AE7E-D8EA-4971-9650-DF1F9503D1C0}.Release|Any CPU.Build.0 = Release|Any CPU
	EndGlobalSection
	GlobalSection(SolutionProperties) = preSolution
		HideSolutionNode = FALSE
	EndGlobalSection
	GlobalSection(ExtensibilityGlobals) = postSolution
		SolutionGuid = {1513B4E1-D9F7-4A55-908B-CF15B82ABCC8}
	EndGlobalSection
EndGlobal
